
Microsoft Visual Studio Solution File, Format Version 12.00
# Visual Studio Version 17
VisualStudioVersion = 17.14.36705.20 d17.14
MinimumVisualStudioVersion = 10.0.40219.1
Project("{FAE04EC0-301F-11D3-BF4B-00C04F79EFBC}") = "izpitvane_10.12.25", "izpitvane_10.12.25\izpitvane_10.12.25.csproj", "{CD129591-AF14-4EC2-BD66-9EE8EB9A449D}"
EndProject
Project("{FAE04EC0-301F-11D3-BF4B-00C04F79EFBC}") = "TestProject1", "TestProject1\TestProject1.csproj", "{301AB82C-054E-4100-AD09-3CC693D24C00}"
EndProject
Global
	GlobalSection(SolutionConfigurationPlatforms) = preSolution
		Debug|Any CPU = Debug|Any CPU
		Release|Any CPU = Release|Any CPU
	EndGlobalSection
	GlobalSection(ProjectConfigurationPlatforms) = postSolution
		{CD129591-AF14-4EC2-BD66-9EE8EB9A449D}.Debug|Any CPU.ActiveCfg = Debug|Any CPU
		{CD129591-AF14-4EC2-BD66-9EE8EB9A449D}.Debug|Any CPU.Build.0 = Debug|Any CPU
		{CD129591-AF14-4EC2-BD66-9EE8EB9A449D}.Release|Any CPU.ActiveCfg = Release|Any CPU
		{CD129591-AF14-4EC2-BD66-9EE8EB9A449D}.Release|Any CPU.Build.0 = Release|Any CPU
		{301AB82C-054E-4100-AD09-3CC693D24C00}.Debug|Any CPU.ActiveCfg = Debug|Any CPU
		{301AB82C-054E-4100-AD09-3CC693D24C00}.Debug|Any CPU.Build.0 = Debug|Any CPU
		{301AB82C-054E-4100-AD09-3CC693D24C00}.Release|Any CPU.ActiveCfg = Release|Any CPU
		{301AB82C-054E-4100-AD09-3CC693D24C00}.Release|Any CPU.Build.0 = Release|Any CPU
	EndGlobalSection
	GlobalSection(SolutionProperties) = preSolution
		HideSolutionNode = FALSE
	EndGlobalSection
	GlobalSection(ExtensibilityGlobals) = postSolution
		SolutionGuid = {AE75E36E-29B4-440E-9020-375DC49145C6}
	EndGlobalSection
EndGlobal
